
Microsoft Visual Studio Solution File, Format Version 12.00
# Visual Studio Version 16
VisualStudioVersion = 16.0.29201.188
MinimumVisualStudioVersion = 10.0.40219.1
Project("{8BC9CEB8-8B4A-11D0-8D11-00A0C91BC942}") = "tetrissfml", "tetrissfml\tetrissfml.vcxproj", "{18B87C75-1B43-4A72-A511-476196901395}"
EndProject
Global
	GlobalSection(SolutionConfigurationPlatforms) = preSolution
		Debug|x64 = Debug|x64
		Debug|x86 = Debug|x86
		Release|x64 = Release|x64
		Release|x86 = Release|x86
	EndGlobalSection
	GlobalSection(ProjectConfigurationPlatforms) = postSolution
		{18B87C75-1B43-4A72-A511-476196901395}.Debug|x64.ActiveCfg = Debug|x64
		{18B87C75-1B43-4A72-A511-476196901395}.Debug|x64.Build.0 = Debug|x64
		{18B87C75-1B43-4A72-A511-476196901395}.Debug|x86.ActiveCfg = Debug|Win32
		{18B87C75-1B43-4A72-A511-476196901395}.Debug|x86.Build.0 = Debug|Win32
		{18B87C75-1B43-4A72-A511-476196901395}.Release|x64.ActiveCfg = Release|x64
		{18B87C75-1B43-4A72-A511-476196901395}.Release|x64.Build.0 = Release|x64
		{18B87C75-1B43-4A72-A511-476196901395}.Release|x86.ActiveCfg = Release|Win32
		{18B87C75-1B43-4A72-A511-476196901395}.Release|x86.Build.0 = Release|Win32
	EndGlobalSection
	GlobalSection(SolutionProperties) = preSolution
		HideSolutionNode = FALSE
	EndGlobalSection
	GlobalSection(ExtensibilityGlobals) = postSolution
		SolutionGuid = {01C050F8-F246-4010-8AF1-47C4DFE0588B}
	EndGlobalSection
EndGlobal
